
Microsoft Visual Studio Solution File, Format Version 12.00
# Visual Studio Version 17
VisualStudioVersion = 17.3.32811.315
MinimumVisualStudioVersion = 10.0.40219.1
Project("{FAE04EC0-301F-11D3-BF4B-00C04F79EFBC}") = "PE-6_ParsingAndFormatting", "PE-6_ParsingAndFormatting.csproj", "{7502AF61-932A-4E83-9415-99FA230F5939}"
EndProject
Global
	GlobalSection(SolutionConfigurationPlatforms) = preSolution
		Debug|Any CPU = Debug|Any CPU
		Release|Any CPU = Release|Any CPU
	EndGlobalSection
	GlobalSection(ProjectConfigurationPlatforms) = postSolution
		{7502AF61-932A-4E83-9415-99FA230F5939}.Debug|Any CPU.ActiveCfg = Debug|Any CPU
		{7502AF61-932A-4E83-9415-99FA230F5939}.Debug|Any CPU.Build.0 = Debug|Any CPU
		{7502AF61-932A-4E83-9415-99FA230F5939}.Release|Any CPU.ActiveCfg = Release|Any CPU
		{7502AF61-932A-4E83-9415-99FA230F5939}.Release|Any CPU.Build.0 = Release|Any CPU
	EndGlobalSection
	GlobalSection(SolutionProperties) = preSolution
		HideSolutionNode = FALSE
	EndGlobalSection
	GlobalSection(ExtensibilityGlobals) = postSolution
		SolutionGuid = {750D3ADC-4D76-4F3E-A260-5E0E5141D773}
	EndGlobalSection
EndGlobal
