
Microsoft Visual Studio Solution File, Format Version 12.00
# Visual Studio Version 17
VisualStudioVersion = 17.3.32922.545
MinimumVisualStudioVersion = 10.0.40219.1
Project("{FAE04EC0-301F-11D3-BF4B-00C04F79EFBC}") = "DijkstrasColors", "DijkstrasColors.csproj", "{E3F5F721-6E25-4F04-BB50-36A04E949817}"
EndProject
Global
	GlobalSection(SolutionConfigurationPlatforms) = preSolution
		Debug|Any CPU = Debug|Any CPU
		Release|Any CPU = Release|Any CPU
	EndGlobalSection
	GlobalSection(ProjectConfigurationPlatforms) = postSolution
		{E3F5F721-6E25-4F04-BB50-36A04E949817}.Debug|Any CPU.ActiveCfg = Debug|Any CPU
		{E3F5F721-6E25-4F04-BB50-36A04E949817}.Debug|Any CPU.Build.0 = Debug|Any CPU
		{E3F5F721-6E25-4F04-BB50-36A04E949817}.Release|Any CPU.ActiveCfg = Release|Any CPU
		{E3F5F721-6E25-4F04-BB50-36A04E949817}.Release|Any CPU.Build.0 = Release|Any CPU
	EndGlobalSection
	GlobalSection(SolutionProperties) = preSolution
		HideSolutionNode = FALSE
	EndGlobalSection
	GlobalSection(ExtensibilityGlobals) = postSolution
		SolutionGuid = {1687D54D-1A82-4216-8A83-DD7FFB3496B8}
	EndGlobalSection
EndGlobal
