
Microsoft Visual Studio Solution File, Format Version 12.00
# Visual Studio Version 17
VisualStudioVersion = 17.3.32922.545
MinimumVisualStudioVersion = 10.0.40219.1
Project("{FAE04EC0-301F-11D3-BF4B-00C04F79EFBC}") = "testingCode", "testingCode.csproj", "{EE23DCB7-30DA-41A0-B031-1BA3017A34F3}"
EndProject
Global
	GlobalSection(SolutionConfigurationPlatforms) = preSolution
		Debug|Any CPU = Debug|Any CPU
		Release|Any CPU = Release|Any CPU
	EndGlobalSection
	GlobalSection(ProjectConfigurationPlatforms) = postSolution
		{EE23DCB7-30DA-41A0-B031-1BA3017A34F3}.Debug|Any CPU.ActiveCfg = Debug|Any CPU
		{EE23DCB7-30DA-41A0-B031-1BA3017A34F3}.Debug|Any CPU.Build.0 = Debug|Any CPU
		{EE23DCB7-30DA-41A0-B031-1BA3017A34F3}.Release|Any CPU.ActiveCfg = Release|Any CPU
		{EE23DCB7-30DA-41A0-B031-1BA3017A34F3}.Release|Any CPU.Build.0 = Release|Any CPU
	EndGlobalSection
	GlobalSection(SolutionProperties) = preSolution
		HideSolutionNode = FALSE
	EndGlobalSection
	GlobalSection(ExtensibilityGlobals) = postSolution
		SolutionGuid = {96E3E0F4-0DE5-4729-BF3C-AF9C9CE041C8}
	EndGlobalSection
EndGlobal
