
Microsoft Visual Studio Solution File, Format Version 12.00
# Visual Studio Version 17
VisualStudioVersion = 17.3.32922.545
MinimumVisualStudioVersion = 10.0.40219.1
Project("{FAE04EC0-301F-11D3-BF4B-00C04F79EFBC}") = "DepthFirstColorSearch", "DepthFirstColorSearch.csproj", "{B309EFC9-D4C5-4125-B3FA-E0FA776DB75C}"
EndProject
Global
	GlobalSection(SolutionConfigurationPlatforms) = preSolution
		Debug|Any CPU = Debug|Any CPU
		Release|Any CPU = Release|Any CPU
	EndGlobalSection
	GlobalSection(ProjectConfigurationPlatforms) = postSolution
		{B309EFC9-D4C5-4125-B3FA-E0FA776DB75C}.Debug|Any CPU.ActiveCfg = Debug|Any CPU
		{B309EFC9-D4C5-4125-B3FA-E0FA776DB75C}.Debug|Any CPU.Build.0 = Debug|Any CPU
		{B309EFC9-D4C5-4125-B3FA-E0FA776DB75C}.Release|Any CPU.ActiveCfg = Release|Any CPU
		{B309EFC9-D4C5-4125-B3FA-E0FA776DB75C}.Release|Any CPU.Build.0 = Release|Any CPU
	EndGlobalSection
	GlobalSection(SolutionProperties) = preSolution
		HideSolutionNode = FALSE
	EndGlobalSection
	GlobalSection(ExtensibilityGlobals) = postSolution
		SolutionGuid = {ABAF1587-24F1-4D4C-A97D-3F188EB7598D}
	EndGlobalSection
EndGlobal
