
Microsoft Visual Studio Solution File, Format Version 12.00
# Visual Studio Version 17
VisualStudioVersion = 17.3.32811.315
MinimumVisualStudioVersion = 10.0.40219.1
Project("{FAE04EC0-301F-11D3-BF4B-00C04F79EFBC}") = "NumberSortV1", "NumberSortV1.csproj", "{F1DD6ECE-1CC0-4682-827B-DC2826F02A65}"
EndProject
Global
	GlobalSection(SolutionConfigurationPlatforms) = preSolution
		Debug|Any CPU = Debug|Any CPU
		Release|Any CPU = Release|Any CPU
	EndGlobalSection
	GlobalSection(ProjectConfigurationPlatforms) = postSolution
		{F1DD6ECE-1CC0-4682-827B-DC2826F02A65}.Debug|Any CPU.ActiveCfg = Debug|Any CPU
		{F1DD6ECE-1CC0-4682-827B-DC2826F02A65}.Debug|Any CPU.Build.0 = Debug|Any CPU
		{F1DD6ECE-1CC0-4682-827B-DC2826F02A65}.Release|Any CPU.ActiveCfg = Release|Any CPU
		{F1DD6ECE-1CC0-4682-827B-DC2826F02A65}.Release|Any CPU.Build.0 = Release|Any CPU
	EndGlobalSection
	GlobalSection(SolutionProperties) = preSolution
		HideSolutionNode = FALSE
	EndGlobalSection
	GlobalSection(ExtensibilityGlobals) = postSolution
		SolutionGuid = {3865FD97-53E9-47EF-85B4-B80F9A275B51}
	EndGlobalSection
EndGlobal
