
Microsoft Visual Studio Solution File, Format Version 12.00
# Visual Studio Version 17
VisualStudioVersion = 17.3.32811.315
MinimumVisualStudioVersion = 10.0.40219.1
Project("{FAE04EC0-301F-11D3-BF4B-00C04F79EFBC}") = "Test1_Question4", "Test1_Question4.csproj", "{3AAFE5BB-D435-49C0-928A-8D783442DD4E}"
EndProject
Global
	GlobalSection(SolutionConfigurationPlatforms) = preSolution
		Debug|Any CPU = Debug|Any CPU
		Release|Any CPU = Release|Any CPU
	EndGlobalSection
	GlobalSection(ProjectConfigurationPlatforms) = postSolution
		{3AAFE5BB-D435-49C0-928A-8D783442DD4E}.Debug|Any CPU.ActiveCfg = Debug|Any CPU
		{3AAFE5BB-D435-49C0-928A-8D783442DD4E}.Debug|Any CPU.Build.0 = Debug|Any CPU
		{3AAFE5BB-D435-49C0-928A-8D783442DD4E}.Release|Any CPU.ActiveCfg = Release|Any CPU
		{3AAFE5BB-D435-49C0-928A-8D783442DD4E}.Release|Any CPU.Build.0 = Release|Any CPU
	EndGlobalSection
	GlobalSection(SolutionProperties) = preSolution
		HideSolutionNode = FALSE
	EndGlobalSection
	GlobalSection(ExtensibilityGlobals) = postSolution
		SolutionGuid = {BE786CAE-7A7E-49D2-9F7D-50BCC88FB345}
	EndGlobalSection
EndGlobal
