
Microsoft Visual Studio Solution File, Format Version 12.00
# Visual Studio Version 17
VisualStudioVersion = 17.3.32811.315
MinimumVisualStudioVersion = 10.0.40219.1
Project("{FAE04EC0-301F-11D3-BF4B-00C04F79EFBC}") = "PE9-Functions", "PE9-Functions.csproj", "{706A3720-7930-4EDB-A34E-4C79BD77A91D}"
EndProject
Global
	GlobalSection(SolutionConfigurationPlatforms) = preSolution
		Debug|Any CPU = Debug|Any CPU
		Release|Any CPU = Release|Any CPU
	EndGlobalSection
	GlobalSection(ProjectConfigurationPlatforms) = postSolution
		{706A3720-7930-4EDB-A34E-4C79BD77A91D}.Debug|Any CPU.ActiveCfg = Debug|Any CPU
		{706A3720-7930-4EDB-A34E-4C79BD77A91D}.Debug|Any CPU.Build.0 = Debug|Any CPU
		{706A3720-7930-4EDB-A34E-4C79BD77A91D}.Release|Any CPU.ActiveCfg = Release|Any CPU
		{706A3720-7930-4EDB-A34E-4C79BD77A91D}.Release|Any CPU.Build.0 = Release|Any CPU
	EndGlobalSection
	GlobalSection(SolutionProperties) = preSolution
		HideSolutionNode = FALSE
	EndGlobalSection
	GlobalSection(ExtensibilityGlobals) = postSolution
		SolutionGuid = {30B2E70C-7EFE-410A-9151-584A9594BFDD}
	EndGlobalSection
EndGlobal
