
Microsoft Visual Studio Solution File, Format Version 12.00
# Visual Studio Version 17
VisualStudioVersion = 17.3.32922.545
MinimumVisualStudioVersion = 10.0.40219.1
Project("{FAE04EC0-301F-11D3-BF4B-00C04F79EFBC}") = "MyQueue", "MyQueue.csproj", "{32FE84F3-2B5E-4D53-ABC4-F7FAB4334F19}"
EndProject
Global
	GlobalSection(SolutionConfigurationPlatforms) = preSolution
		Debug|Any CPU = Debug|Any CPU
		Release|Any CPU = Release|Any CPU
	EndGlobalSection
	GlobalSection(ProjectConfigurationPlatforms) = postSolution
		{32FE84F3-2B5E-4D53-ABC4-F7FAB4334F19}.Debug|Any CPU.ActiveCfg = Debug|Any CPU
		{32FE84F3-2B5E-4D53-ABC4-F7FAB4334F19}.Debug|Any CPU.Build.0 = Debug|Any CPU
		{32FE84F3-2B5E-4D53-ABC4-F7FAB4334F19}.Release|Any CPU.ActiveCfg = Release|Any CPU
		{32FE84F3-2B5E-4D53-ABC4-F7FAB4334F19}.Release|Any CPU.Build.0 = Release|Any CPU
	EndGlobalSection
	GlobalSection(SolutionProperties) = preSolution
		HideSolutionNode = FALSE
	EndGlobalSection
	GlobalSection(ExtensibilityGlobals) = postSolution
		SolutionGuid = {9A165A59-DFEC-4891-9DF3-5B13DB4F33F2}
	EndGlobalSection
EndGlobal
